// !$*UTF8*$!
{
	archiveVersion = 1;
	classes = {
	};
	objectVersion = 50;
	objects = {

/* Begin PBXBuildFile section */
		21034C9B2194E7BF0054E4C5 /* SearchViewModel.swift in Sources */ = {isa = PBXBuildFile; fileRef = 21034C9A2194E7BF0054E4C5 /* SearchViewModel.swift */; };
		21034C9D2194EA4E0054E4C5 /* PhotoCollectionCellViewModel.swift in Sources */ = {isa = PBXBuildFile; fileRef = 21034C9C2194EA4E0054E4C5 /* PhotoCollectionCellViewModel.swift */; };
		21034C9F2194F2AA0054E4C5 /* PhotoCollectionViewCell.swift in Sources */ = {isa = PBXBuildFile; fileRef = 21034C9E2194F2AA0054E4C5 /* PhotoCollectionViewCell.swift */; };
		5394891517ACD038384A171F /* Pods_ImageFinderTests.framework in Frameworks */ = {isa = PBXBuildFile; fileRef = FF7FC11E6C9A42374055D271 /* Pods_ImageFinderTests.framework */; };
		6B4FF7031431FC417B4DF03E /* Pods_ImageFinder.framework in Frameworks */ = {isa = PBXBuildFile; fileRef = 6057DEE4736008CBFACED5F6 /* Pods_ImageFinder.framework */; };
		B62023277F90FCFC40830B44 /* Pods_ImageFinderUITests.framework in Frameworks */ = {isa = PBXBuildFile; fileRef = A5A4B88A38F339A4574BA536 /* Pods_ImageFinderUITests.framework */; };
		CC607EBB219466B300F341FE /* AppDelegate.swift in Sources */ = {isa = PBXBuildFile; fileRef = CC607EBA219466B300F341FE /* AppDelegate.swift */; };
		CC607EC0219466B300F341FE /* Main.storyboard in Resources */ = {isa = PBXBuildFile; fileRef = CC607EBE219466B300F341FE /* Main.storyboard */; };
		CC607EC2219466B400F341FE /* Assets.xcassets in Resources */ = {isa = PBXBuildFile; fileRef = CC607EC1219466B400F341FE /* Assets.xcassets */; };
		CC607EC5219466B400F341FE /* LaunchScreen.storyboard in Resources */ = {isa = PBXBuildFile; fileRef = CC607EC3219466B400F341FE /* LaunchScreen.storyboard */; };
		CC607ED0219466B400F341FE /* ImageFinderTests.swift in Sources */ = {isa = PBXBuildFile; fileRef = CC607ECF219466B400F341FE /* ImageFinderTests.swift */; };
		CC607EDB219466B400F341FE /* ImageFinderUITests.swift in Sources */ = {isa = PBXBuildFile; fileRef = CC607EDA219466B400F341FE /* ImageFinderUITests.swift */; };
		CC607F022194711A00F341FE /* AlamofireApiClient.swift in Sources */ = {isa = PBXBuildFile; fileRef = CC607F002194711A00F341FE /* AlamofireApiClient.swift */; };
		CC607F032194711A00F341FE /* ApiClient.swift in Sources */ = {isa = PBXBuildFile; fileRef = CC607F012194711A00F341FE /* ApiClient.swift */; };
		CC607F072194712700F341FE /* URLBuilder.swift in Sources */ = {isa = PBXBuildFile; fileRef = CC607F042194712700F341FE /* URLBuilder.swift */; };
		CC607F082194712700F341FE /* Result.swift in Sources */ = {isa = PBXBuildFile; fileRef = CC607F052194712700F341FE /* Result.swift */; };
		CC607F092194712700F341FE /* FlickrBrowserError.swift in Sources */ = {isa = PBXBuildFile; fileRef = CC607F062194712700F341FE /* FlickrBrowserError.swift */; };
		CC607F0C2194713900F341FE /* Photos.swift in Sources */ = {isa = PBXBuildFile; fileRef = CC607F0A2194713900F341FE /* Photos.swift */; };
		CC607F0D2194713900F341FE /* Photo.swift in Sources */ = {isa = PBXBuildFile; fileRef = CC607F0B2194713900F341FE /* Photo.swift */; };
		CC607F0F2194746F00F341FE /* ImageCacheLoader.swift in Sources */ = {isa = PBXBuildFile; fileRef = CC607F0E2194746F00F341FE /* ImageCacheLoader.swift */; };
		CC607F112194749900F341FE /* Bindable.swift in Sources */ = {isa = PBXBuildFile; fileRef = CC607F102194749900F341FE /* Bindable.swift */; };
		CC607F1321947AD600F341FE /* SearchViewController.swift in Sources */ = {isa = PBXBuildFile; fileRef = CC607F1221947AD600F341FE /* SearchViewController.swift */; };
		CC607F1521947CC700F341FE /* SearchView.swift in Sources */ = {isa = PBXBuildFile; fileRef = CC607F1421947CC700F341FE /* SearchView.swift */; };
/* End PBXBuildFile section */

/* Begin PBXContainerItemProxy section */
		CC607ECC219466B400F341FE /* PBXContainerItemProxy */ = {
			isa = PBXContainerItemProxy;
			containerPortal = CC607EAF219466B300F341FE /* Project object */;
			proxyType = 1;
			remoteGlobalIDString = CC607EB6219466B300F341FE;
			remoteInfo = ImageFinder;
		};
		CC607ED7219466B400F341FE /* PBXContainerItemProxy */ = {
			isa = PBXContainerItemProxy;
			containerPortal = CC607EAF219466B300F341FE /* Project object */;
			proxyType = 1;
			remoteGlobalIDString = CC607EB6219466B300F341FE;
			remoteInfo = ImageFinder;
		};
/* End PBXContainerItemProxy section */

/* Begin PBXFileReference section */
		21034C9A2194E7BF0054E4C5 /* SearchViewModel.swift */ = {isa = PBXFileReference; lastKnownFileType = sourcecode.swift; path = SearchViewModel.swift; sourceTree = SOURCE_ROOT; };
		21034C9C2194EA4E0054E4C5 /* PhotoCollectionCellViewModel.swift */ = {isa = PBXFileReference; lastKnownFileType = sourcecode.swift; path = PhotoCollectionCellViewModel.swift; sourceTree = SOURCE_ROOT; };
		21034C9E2194F2AA0054E4C5 /* PhotoCollectionViewCell.swift */ = {isa = PBXFileReference; lastKnownFileType = sourcecode.swift; path = PhotoCollectionViewCell.swift; sourceTree = "<group>"; };
		237CB59E2F26B0C544AB4877 /* Pods-ImageFinder.release.xcconfig */ = {isa = PBXFileReference; includeInIndex = 1; lastKnownFileType = text.xcconfig; name = "Pods-ImageFinder.release.xcconfig"; path = "Pods/Target Support Files/Pods-ImageFinder/Pods-ImageFinder.release.xcconfig"; sourceTree = "<group>"; };
		4F01E068B1593C1EBDB2D40E /* Pods-ImageFinderUITests.release.xcconfig */ = {isa = PBXFileReference; includeInIndex = 1; lastKnownFileType = text.xcconfig; name = "Pods-ImageFinderUITests.release.xcconfig"; path = "Pods/Target Support Files/Pods-ImageFinderUITests/Pods-ImageFinderUITests.release.xcconfig"; sourceTree = "<group>"; };
		521E9941F5CA6C0CF22013DC /* Pods-ImageFinder.debug.xcconfig */ = {isa = PBXFileReference; includeInIndex = 1; lastKnownFileType = text.xcconfig; name = "Pods-ImageFinder.debug.xcconfig"; path = "Pods/Target Support Files/Pods-ImageFinder/Pods-ImageFinder.debug.xcconfig"; sourceTree = "<group>"; };
		6057DEE4736008CBFACED5F6 /* Pods_ImageFinder.framework */ = {isa = PBXFileReference; explicitFileType = wrapper.framework; includeInIndex = 0; path = Pods_ImageFinder.framework; sourceTree = BUILT_PRODUCTS_DIR; };
		6D3584E5C85D994EA8801829 /* Pods-ImageFinderUITests.debug.xcconfig */ = {isa = PBXFileReference; includeInIndex = 1; lastKnownFileType = text.xcconfig; name = "Pods-ImageFinderUITests.debug.xcconfig"; path = "Pods/Target Support Files/Pods-ImageFinderUITests/Pods-ImageFinderUITests.debug.xcconfig"; sourceTree = "<group>"; };
		A5A4B88A38F339A4574BA536 /* Pods_ImageFinderUITests.framework */ = {isa = PBXFileReference; explicitFileType = wrapper.framework; includeInIndex = 0; path = Pods_ImageFinderUITests.framework; sourceTree = BUILT_PRODUCTS_DIR; };
		CC607EB7219466B300F341FE /* ImageFinder.app */ = {isa = PBXFileReference; explicitFileType = wrapper.application; includeInIndex = 0; path = ImageFinder.app; sourceTree = BUILT_PRODUCTS_DIR; };
		CC607EBA219466B300F341FE /* AppDelegate.swift */ = {isa = PBXFileReference; lastKnownFileType = sourcecode.swift; path = AppDelegate.swift; sourceTree = "<group>"; };
		CC607EBF219466B300F341FE /* Base */ = {isa = PBXFileReference; lastKnownFileType = file.storyboard; name = Base; path = Base.lproj/Main.storyboard; sourceTree = "<group>"; };
		CC607EC1219466B400F341FE /* Assets.xcassets */ = {isa = PBXFileReference; lastKnownFileType = folder.assetcatalog; path = Assets.xcassets; sourceTree = "<group>"; };
		CC607EC4219466B400F341FE /* Base */ = {isa = PBXFileReference; lastKnownFileType = file.storyboard; name = Base; path = Base.lproj/LaunchScreen.storyboard; sourceTree = "<group>"; };
		CC607EC6219466B400F341FE /* Info.plist */ = {isa = PBXFileReference; lastKnownFileType = text.plist.xml; path = Info.plist; sourceTree = "<group>"; };
		CC607ECB219466B400F341FE /* ImageFinderTests.xctest */ = {isa = PBXFileReference; explicitFileType = wrapper.cfbundle; includeInIndex = 0; path = ImageFinderTests.xctest; sourceTree = BUILT_PRODUCTS_DIR; };
		CC607ECF219466B400F341FE /* ImageFinderTests.swift */ = {isa = PBXFileReference; lastKnownFileType = sourcecode.swift; path = ImageFinderTests.swift; sourceTree = "<group>"; };
		CC607ED1219466B400F341FE /* Info.plist */ = {isa = PBXFileReference; lastKnownFileType = text.plist.xml; path = Info.plist; sourceTree = "<group>"; };
		CC607ED6219466B400F341FE /* ImageFinderUITests.xctest */ = {isa = PBXFileReference; explicitFileType = wrapper.cfbundle; includeInIndex = 0; path = ImageFinderUITests.xctest; sourceTree = BUILT_PRODUCTS_DIR; };
		CC607EDA219466B400F341FE /* ImageFinderUITests.swift */ = {isa = PBXFileReference; lastKnownFileType = sourcecode.swift; path = ImageFinderUITests.swift; sourceTree = "<group>"; };
		CC607EDC219466B400F341FE /* Info.plist */ = {isa = PBXFileReference; lastKnownFileType = text.plist.xml; path = Info.plist; sourceTree = "<group>"; };
		CC607F002194711A00F341FE /* AlamofireApiClient.swift */ = {isa = PBXFileReference; fileEncoding = 4; lastKnownFileType = sourcecode.swift; path = AlamofireApiClient.swift; sourceTree = "<group>"; };
		CC607F012194711A00F341FE /* ApiClient.swift */ = {isa = PBXFileReference; fileEncoding = 4; lastKnownFileType = sourcecode.swift; path = ApiClient.swift; sourceTree = "<group>"; };
		CC607F042194712700F341FE /* URLBuilder.swift */ = {isa = PBXFileReference; fileEncoding = 4; lastKnownFileType = sourcecode.swift; path = URLBuilder.swift; sourceTree = "<group>"; };
		CC607F052194712700F341FE /* Result.swift */ = {isa = PBXFileReference; fileEncoding = 4; lastKnownFileType = sourcecode.swift; path = Result.swift; sourceTree = "<group>"; };
		CC607F062194712700F341FE /* FlickrBrowserError.swift */ = {isa = PBXFileReference; fileEncoding = 4; lastKnownFileType = sourcecode.swift; path = FlickrBrowserError.swift; sourceTree = "<group>"; };
		CC607F0A2194713900F341FE /* Photos.swift */ = {isa = PBXFileReference; fileEncoding = 4; lastKnownFileType = sourcecode.swift; path = Photos.swift; sourceTree = "<group>"; };
		CC607F0B2194713900F341FE /* Photo.swift */ = {isa = PBXFileReference; fileEncoding = 4; lastKnownFileType = sourcecode.swift; path = Photo.swift; sourceTree = "<group>"; };
		CC607F0E2194746F00F341FE /* ImageCacheLoader.swift */ = {isa = PBXFileReference; lastKnownFileType = sourcecode.swift; path = ImageCacheLoader.swift; sourceTree = "<group>"; };
		CC607F102194749900F341FE /* Bindable.swift */ = {isa = PBXFileReference; lastKnownFileType = sourcecode.swift; path = Bindable.swift; sourceTree = "<group>"; };
		CC607F1221947AD600F341FE /* SearchViewController.swift */ = {isa = PBXFileReference; lastKnownFileType = sourcecode.swift; path = SearchViewController.swift; sourceTree = "<group>"; };
		CC607F1421947CC700F341FE /* SearchView.swift */ = {isa = PBXFileReference; lastKnownFileType = sourcecode.swift; path = SearchView.swift; sourceTree = "<group>"; };
		DF4BA64935D62B42F49F3BB6 /* Pods-ImageFinderTests.debug.xcconfig */ = {isa = PBXFileReference; includeInIndex = 1; lastKnownFileType = text.xcconfig; name = "Pods-ImageFinderTests.debug.xcconfig"; path = "Pods/Target Support Files/Pods-ImageFinderTests/Pods-ImageFinderTests.debug.xcconfig"; sourceTree = "<group>"; };
		FF6784F97AF5DF2AA7CC233B /* Pods-ImageFinderTests.release.xcconfig */ = {isa = PBXFileReference; includeInIndex = 1; lastKnownFileType = text.xcconfig; name = "Pods-ImageFinderTests.release.xcconfig"; path = "Pods/Target Support Files/Pods-ImageFinderTests/Pods-ImageFinderTests.release.xcconfig"; sourceTree = "<group>"; };
		FF7FC11E6C9A42374055D271 /* Pods_ImageFinderTests.framework */ = {isa = PBXFileReference; explicitFileType = wrapper.framework; includeInIndex = 0; path = Pods_ImageFinderTests.framework; sourceTree = BUILT_PRODUCTS_DIR; };
/* End PBXFileReference section */

/* Begin PBXFrameworksBuildPhase section */
		CC607EB4219466B300F341FE /* Frameworks */ = {
			isa = PBXFrameworksBuildPhase;
			buildActionMask = 2147483647;
			files = (
				6B4FF7031431FC417B4DF03E /* Pods_ImageFinder.framework in Frameworks */,
			);
			runOnlyForDeploymentPostprocessing = 0;
		};
		CC607EC8219466B400F341FE /* Frameworks */ = {
			isa = PBXFrameworksBuildPhase;
			buildActionMask = 2147483647;
			files = (
				5394891517ACD038384A171F /* Pods_ImageFinderTests.framework in Frameworks */,
			);
			runOnlyForDeploymentPostprocessing = 0;
		};
		CC607ED3219466B400F341FE /* Frameworks */ = {
			isa = PBXFrameworksBuildPhase;
			buildActionMask = 2147483647;
			files = (
				B62023277F90FCFC40830B44 /* Pods_ImageFinderUITests.framework in Frameworks */,
			);
			runOnlyForDeploymentPostprocessing = 0;
		};
/* End PBXFrameworksBuildPhase section */

/* Begin PBXGroup section */
		9426B79CD5C976EE1C455CAE /* Frameworks */ = {
			isa = PBXGroup;
			children = (
				6057DEE4736008CBFACED5F6 /* Pods_ImageFinder.framework */,
				FF7FC11E6C9A42374055D271 /* Pods_ImageFinderTests.framework */,
				A5A4B88A38F339A4574BA536 /* Pods_ImageFinderUITests.framework */,
			);
			name = Frameworks;
			sourceTree = "<group>";
		};
		CC607EAE219466B300F341FE = {
			isa = PBXGroup;
			children = (
				CC607EB9219466B300F341FE /* ImageFinder */,
				CC607ECE219466B400F341FE /* ImageFinderTests */,
				CC607ED9219466B400F341FE /* ImageFinderUITests */,
				CC607EB8219466B300F341FE /* Products */,
				F3FB6C56C6FBCB560580D79C /* Pods */,
				9426B79CD5C976EE1C455CAE /* Frameworks */,
			);
			sourceTree = "<group>";
		};
		CC607EB8219466B300F341FE /* Products */ = {
			isa = PBXGroup;
			children = (
				CC607EB7219466B300F341FE /* ImageFinder.app */,
				CC607ECB219466B400F341FE /* ImageFinderTests.xctest */,
				CC607ED6219466B400F341FE /* ImageFinderUITests.xctest */,
			);
			name = Products;
			sourceTree = "<group>";
		};
		CC607EB9219466B300F341FE /* ImageFinder */ = {
			isa = PBXGroup;
			children = (
				CC607EFF2194710700F341FE /* ViewModel */,
				CC607EFE2194710000F341FE /* View */,
				CC607EFD219470F700F341FE /* Model */,
				CC607EFC219470F100F341FE /* Helpers */,
				CC607EFB219470E400F341FE /* API */,
				CC607EBA219466B300F341FE /* AppDelegate.swift */,
				CC607EBE219466B300F341FE /* Main.storyboard */,
				CC607EC1219466B400F341FE /* Assets.xcassets */,
				CC607EC3219466B400F341FE /* LaunchScreen.storyboard */,
				CC607EC6219466B400F341FE /* Info.plist */,
			);
			path = ImageFinder;
			sourceTree = "<group>";
		};
		CC607ECE219466B400F341FE /* ImageFinderTests */ = {
			isa = PBXGroup;
			children = (
				CC607ECF219466B400F341FE /* ImageFinderTests.swift */,
				CC607ED1219466B400F341FE /* Info.plist */,
			);
			path = ImageFinderTests;
			sourceTree = "<group>";
		};
		CC607ED9219466B400F341FE /* ImageFinderUITests */ = {
			isa = PBXGroup;
			children = (
				CC607EDA219466B400F341FE /* ImageFinderUITests.swift */,
				CC607EDC219466B400F341FE /* Info.plist */,
			);
			path = ImageFinderUITests;
			sourceTree = "<group>";
		};
		CC607EFB219470E400F341FE /* API */ = {
			isa = PBXGroup;
			children = (
				CC607F002194711A00F341FE /* AlamofireApiClient.swift */,
				CC607F012194711A00F341FE /* ApiClient.swift */,
			);
			path = API;
			sourceTree = "<group>";
		};
		CC607EFC219470F100F341FE /* Helpers */ = {
			isa = PBXGroup;
			children = (
				CC607F062194712700F341FE /* FlickrBrowserError.swift */,
				CC607F052194712700F341FE /* Result.swift */,
				CC607F042194712700F341FE /* URLBuilder.swift */,
				CC607F0E2194746F00F341FE /* ImageCacheLoader.swift */,
				CC607F102194749900F341FE /* Bindable.swift */,
			);
			path = Helpers;
			sourceTree = "<group>";
		};
		CC607EFD219470F700F341FE /* Model */ = {
			isa = PBXGroup;
			children = (
				CC607F0B2194713900F341FE /* Photo.swift */,
				CC607F0A2194713900F341FE /* Photos.swift */,
			);
			path = Model;
			sourceTree = "<group>";
		};
		CC607EFE2194710000F341FE /* View */ = {
			isa = PBXGroup;
			children = (
				CC607F1221947AD600F341FE /* SearchViewController.swift */,
				CC607F1421947CC700F341FE /* SearchView.swift */,
				21034C9E2194F2AA0054E4C5 /* PhotoCollectionViewCell.swift */,
			);
			path = View;
			sourceTree = "<group>";
		};
		CC607EFF2194710700F341FE /* ViewModel */ = {
			isa = PBXGroup;
			children = (
				21034C9A2194E7BF0054E4C5 /* SearchViewModel.swift */,
				21034C9C2194EA4E0054E4C5 /* PhotoCollectionCellViewModel.swift */,
			);
			path = ViewModel;
			sourceTree = "<group>";
		};
		F3FB6C56C6FBCB560580D79C /* Pods */ = {
			isa = PBXGroup;
			children = (
				521E9941F5CA6C0CF22013DC /* Pods-ImageFinder.debug.xcconfig */,
				237CB59E2F26B0C544AB4877 /* Pods-ImageFinder.release.xcconfig */,
				DF4BA64935D62B42F49F3BB6 /* Pods-ImageFinderTests.debug.xcconfig */,
				FF6784F97AF5DF2AA7CC233B /* Pods-ImageFinderTests.release.xcconfig */,
				6D3584E5C85D994EA8801829 /* Pods-ImageFinderUITests.debug.xcconfig */,
				4F01E068B1593C1EBDB2D40E /* Pods-ImageFinderUITests.release.xcconfig */,
			);
			name = Pods;
			sourceTree = "<group>";
		};
/* End PBXGroup section */

/* Begin PBXNativeTarget section */
		CC607EB6219466B300F341FE /* ImageFinder */ = {
			isa = PBXNativeTarget;
			buildConfigurationList = CC607EDF219466B400F341FE /* Build configuration list for PBXNativeTarget "ImageFinder" */;
			buildPhases = (
				EAC765200CA26BB55F036367 /* [CP] Check Pods Manifest.lock */,
				CC607EB3219466B300F341FE /* Sources */,
				CC607EB4219466B300F341FE /* Frameworks */,
				CC607EB5219466B300F341FE /* Resources */,
				CA1DF30D860B510A43FAB4BA /* [CP] Embed Pods Frameworks */,
			);
			buildRules = (
			);
			dependencies = (
			);
			name = ImageFinder;
			productName = ImageFinder;
			productReference = CC607EB7219466B300F341FE /* ImageFinder.app */;
			productType = "com.apple.product-type.application";
		};
		CC607ECA219466B400F341FE /* ImageFinderTests */ = {
			isa = PBXNativeTarget;
			buildConfigurationList = CC607EE2219466B400F341FE /* Build configuration list for PBXNativeTarget "ImageFinderTests" */;
			buildPhases = (
				2DD2C2F57EA9BC5531F88B77 /* [CP] Check Pods Manifest.lock */,
				CC607EC7219466B400F341FE /* Sources */,
				CC607EC8219466B400F341FE /* Frameworks */,
				CC607EC9219466B400F341FE /* Resources */,
			);
			buildRules = (
			);
			dependencies = (
				CC607ECD219466B400F341FE /* PBXTargetDependency */,
			);
			name = ImageFinderTests;
			productName = ImageFinderTests;
			productReference = CC607ECB219466B400F341FE /* ImageFinderTests.xctest */;
			productType = "com.apple.product-type.bundle.unit-test";
		};
		CC607ED5219466B400F341FE /* ImageFinderUITests */ = {
			isa = PBXNativeTarget;
			buildConfigurationList = CC607EE5219466B400F341FE /* Build configuration list for PBXNativeTarget "ImageFinderUITests" */;
			buildPhases = (
				E338B2FCED50E595AA5392A8 /* [CP] Check Pods Manifest.lock */,
				CC607ED2219466B400F341FE /* Sources */,
				CC607ED3219466B400F341FE /* Frameworks */,
				CC607ED4219466B400F341FE /* Resources */,
			);
			buildRules = (
			);
			dependencies = (
				CC607ED8219466B400F341FE /* PBXTargetDependency */,
			);
			name = ImageFinderUITests;
			productName = ImageFinderUITests;
			productReference = CC607ED6219466B400F341FE /* ImageFinderUITests.xctest */;
			productType = "com.apple.product-type.bundle.ui-testing";
		};
/* End PBXNativeTarget section */

/* Begin PBXProject section */
		CC607EAF219466B300F341FE /* Project object */ = {
			isa = PBXProject;
			attributes = {
				LastSwiftUpdateCheck = 0940;
				LastUpgradeCheck = 0940;
				ORGANIZATIONNAME = "Marto Kenarov";
				TargetAttributes = {
					CC607EB6219466B300F341FE = {
						CreatedOnToolsVersion = 9.4.1;
					};
					CC607ECA219466B400F341FE = {
						CreatedOnToolsVersion = 9.4.1;
						TestTargetID = CC607EB6219466B300F341FE;
					};
					CC607ED5219466B400F341FE = {
						CreatedOnToolsVersion = 9.4.1;
						TestTargetID = CC607EB6219466B300F341FE;
					};
				};
			};
			buildConfigurationList = CC607EB2219466B300F341FE /* Build configuration list for PBXProject "ImageFinder" */;
			compatibilityVersion = "Xcode 9.3";
			developmentRegion = en;
			hasScannedForEncodings = 0;
			knownRegions = (
				en,
				Base,
			);
			mainGroup = CC607EAE219466B300F341FE;
			productRefGroup = CC607EB8219466B300F341FE /* Products */;
			projectDirPath = "";
			projectRoot = "";
			targets = (
				CC607EB6219466B300F341FE /* ImageFinder */,
				CC607ECA219466B400F341FE /* ImageFinderTests */,
				CC607ED5219466B400F341FE /* ImageFinderUITests */,
			);
		};
/* End PBXProject section */

/* Begin PBXResourcesBuildPhase section */
		CC607EB5219466B300F341FE /* Resources */ = {
			isa = PBXResourcesBuildPhase;
			buildActionMask = 2147483647;
			files = (
				CC607EC5219466B400F341FE /* LaunchScreen.storyboard in Resources */,
				CC607EC2219466B400F341FE /* Assets.xcassets in Resources */,
				CC607EC0219466B300F341FE /* Main.storyboard in Resources */,
			);
			runOnlyForDeploymentPostprocessing = 0;
		};
		CC607EC9219466B400F341FE /* Resources */ = {
			isa = PBXResourcesBuildPhase;
			buildActionMask = 2147483647;
			files = (
			);
			runOnlyForDeploymentPostprocessing = 0;
		};
		CC607ED4219466B400F341FE /* Resources */ = {
			isa = PBXResourcesBuildPhase;
			buildActionMask = 2147483647;
			files = (
			);
			runOnlyForDeploymentPostprocessing = 0;
		};
/* End PBXResourcesBuildPhase section */

/* Begin PBXShellScriptBuildPhase section */
		2DD2C2F57EA9BC5531F88B77 /* [CP] Check Pods Manifest.lock */ = {
			isa = PBXShellScriptBuildPhase;
			buildActionMask = 2147483647;
			files = (
			);
			inputPaths = (
				"${PODS_PODFILE_DIR_PATH}/Podfile.lock",
				"${PODS_ROOT}/Manifest.lock",
			);
			name = "[CP] Check Pods Manifest.lock";
			outputPaths = (
				"$(DERIVED_FILE_DIR)/Pods-ImageFinderTests-checkManifestLockResult.txt",
			);
			runOnlyForDeploymentPostprocessing = 0;
			shellPath = /bin/sh;
			shellScript = "diff \"${PODS_PODFILE_DIR_PATH}/Podfile.lock\" \"${PODS_ROOT}/Manifest.lock\" > /dev/null\nif [ $? != 0 ] ; then\n    # print error to STDERR\n    echo \"error: The sandbox is not in sync with the Podfile.lock. Run 'pod install' or update your CocoaPods installation.\" >&2\n    exit 1\nfi\n# This output is used by Xcode 'outputs' to avoid re-running this script phase.\necho \"SUCCESS\" > \"${SCRIPT_OUTPUT_FILE_0}\"\n";
			showEnvVarsInLog = 0;
		};
		CA1DF30D860B510A43FAB4BA /* [CP] Embed Pods Frameworks */ = {
			isa = PBXShellScriptBuildPhase;
			buildActionMask = 2147483647;
			files = (
			);
			inputPaths = (
				"${PODS_ROOT}/Target Support Files/Pods-ImageFinder/Pods-ImageFinder-frameworks.sh",
				"${BUILT_PRODUCTS_DIR}/Alamofire/Alamofire.framework",
				"${BUILT_PRODUCTS_DIR}/Alamofire-SwiftyJSON/Alamofire_SwiftyJSON.framework",
				"${BUILT_PRODUCTS_DIR}/PKHUD/PKHUD.framework",
				"${BUILT_PRODUCTS_DIR}/PureLayout/PureLayout.framework",
				"${BUILT_PRODUCTS_DIR}/SwiftyJSON/SwiftyJSON.framework",
			);
			name = "[CP] Embed Pods Frameworks";
			outputPaths = (
				"${TARGET_BUILD_DIR}/${FRAMEWORKS_FOLDER_PATH}/Alamofire.framework",
				"${TARGET_BUILD_DIR}/${FRAMEWORKS_FOLDER_PATH}/Alamofire_SwiftyJSON.framework",
				"${TARGET_BUILD_DIR}/${FRAMEWORKS_FOLDER_PATH}/PKHUD.framework",
				"${TARGET_BUILD_DIR}/${FRAMEWORKS_FOLDER_PATH}/PureLayout.framework",
				"${TARGET_BUILD_DIR}/${FRAMEWORKS_FOLDER_PATH}/SwiftyJSON.framework",
			);
			runOnlyForDeploymentPostprocessing = 0;
			shellPath = /bin/sh;
			shellScript = "\"${PODS_ROOT}/Target Support Files/Pods-ImageFinder/Pods-ImageFinder-frameworks.sh\"\n";
			showEnvVarsInLog = 0;
		};
		E338B2FCED50E595AA5392A8 /* [CP] Check Pods Manifest.lock */ = {
			isa = PBXShellScriptBuildPhase;
			buildActionMask = 2147483647;
			files = (
			);
			inputPaths = (
				"${PODS_PODFILE_DIR_PATH}/Podfile.lock",
				"${PODS_ROOT}/Manifest.lock",
			);
			name = "[CP] Check Pods Manifest.lock";
			outputPaths = (
				"$(DERIVED_FILE_DIR)/Pods-ImageFinderUITests-checkManifestLockResult.txt",
			);
			runOnlyForDeploymentPostprocessing = 0;
			shellPath = /bin/sh;
			shellScript = "diff \"${PODS_PODFILE_DIR_PATH}/Podfile.lock\" \"${PODS_ROOT}/Manifest.lock\" > /dev/null\nif [ $? != 0 ] ; then\n    # print error to STDERR\n    echo \"error: The sandbox is not in sync with the Podfile.lock. Run 'pod install' or update your CocoaPods installation.\" >&2\n    exit 1\nfi\n# This output is used by Xcode 'outputs' to avoid re-running this script phase.\necho \"SUCCESS\" > \"${SCRIPT_OUTPUT_FILE_0}\"\n";
			showEnvVarsInLog = 0;
		};
		EAC765200CA26BB55F036367 /* [CP] Check Pods Manifest.lock */ = {
			isa = PBXShellScriptBuildPhase;
			buildActionMask = 2147483647;
			files = (
			);
			inputPaths = (
				"${PODS_PODFILE_DIR_PATH}/Podfile.lock",
				"${PODS_ROOT}/Manifest.lock",
			);
			name = "[CP] Check Pods Manifest.lock";
			outputPaths = (
				"$(DERIVED_FILE_DIR)/Pods-ImageFinder-checkManifestLockResult.txt",
			);
			runOnlyForDeploymentPostprocessing = 0;
			shellPath = /bin/sh;
			shellScript = "diff \"${PODS_PODFILE_DIR_PATH}/Podfile.lock\" \"${PODS_ROOT}/Manifest.lock\" > /dev/null\nif [ $? != 0 ] ; then\n    # print error to STDERR\n    echo \"error: The sandbox is not in sync with the Podfile.lock. Run 'pod install' or update your CocoaPods installation.\" >&2\n    exit 1\nfi\n# This output is used by Xcode 'outputs' to avoid re-running this script phase.\necho \"SUCCESS\" > \"${SCRIPT_OUTPUT_FILE_0}\"\n";
			showEnvVarsInLog = 0;
		};
/* End PBXShellScriptBuildPhase section */

/* Begin PBXSourcesBuildPhase section */
		CC607EB3219466B300F341FE /* Sources */ = {
			isa = PBXSourcesBuildPhase;
			buildActionMask = 2147483647;
			files = (
				CC607F112194749900F341FE /* Bindable.swift in Sources */,
				CC607F1321947AD600F341FE /* SearchViewController.swift in Sources */,
				CC607F082194712700F341FE /* Result.swift in Sources */,
				CC607F072194712700F341FE /* URLBuilder.swift in Sources */,
				CC607F1521947CC700F341FE /* SearchView.swift in Sources */,
				21034C9B2194E7BF0054E4C5 /* SearchViewModel.swift in Sources */,
				CC607F0D2194713900F341FE /* Photo.swift in Sources */,
				CC607F0F2194746F00F341FE /* ImageCacheLoader.swift in Sources */,
				CC607EBB219466B300F341FE /* AppDelegate.swift in Sources */,
				21034C9D2194EA4E0054E4C5 /* PhotoCollectionCellViewModel.swift in Sources */,
				CC607F0C2194713900F341FE /* Photos.swift in Sources */,
				21034C9F2194F2AA0054E4C5 /* PhotoCollectionViewCell.swift in Sources */,
				CC607F022194711A00F341FE /* AlamofireApiClient.swift in Sources */,
				CC607F092194712700F341FE /* FlickrBrowserError.swift in Sources */,
				CC607F032194711A00F341FE /* ApiClient.swift in Sources */,
			);
			runOnlyForDeploymentPostprocessing = 0;
		};
		CC607EC7219466B400F341FE /* Sources */ = {
			isa = PBXSourcesBuildPhase;
			buildActionMask = 2147483647;
			files = (
				CC607ED0219466B400F341FE /* ImageFinderTests.swift in Sources */,
			);
			runOnlyForDeploymentPostprocessing = 0;
		};
		CC607ED2219466B400F341FE /* Sources */ = {
			isa = PBXSourcesBuildPhase;
			buildActionMask = 2147483647;
			files = (
				CC607EDB219466B400F341FE /* ImageFinderUITests.swift in Sources */,
			);
			runOnlyForDeploymentPostprocessing = 0;
		};
/* End PBXSourcesBuildPhase section */

/* Begin PBXTargetDependency section */
		CC607ECD219466B400F341FE /* PBXTargetDependency */ = {
			isa = PBXTargetDependency;
			target = CC607EB6219466B300F341FE /* ImageFinder */;
			targetProxy = CC607ECC219466B400F341FE /* PBXContainerItemProxy */;
		};
		CC607ED8219466B400F341FE /* PBXTargetDependency */ = {
			isa = PBXTargetDependency;
			target = CC607EB6219466B300F341FE /* ImageFinder */;
			targetProxy = CC607ED7219466B400F341FE /* PBXContainerItemProxy */;
		};
/* End PBXTargetDependency section */

/* Begin PBXVariantGroup section */
		CC607EBE219466B300F341FE /* Main.storyboard */ = {
			isa = PBXVariantGroup;
			children = (
				CC607EBF219466B300F341FE /* Base */,
			);
			name = Main.storyboard;
			sourceTree = "<group>";
		};
		CC607EC3219466B400F341FE /* LaunchScreen.storyboard */ = {
			isa = PBXVariantGroup;
			children = (
				CC607EC4219466B400F341FE /* Base */,
			);
			name = LaunchScreen.storyboard;
			sourceTree = "<group>";
		};
/* End PBXVariantGroup section */

/* Begin XCBuildConfiguration section */
		CC607EDD219466B400F341FE /* Debug */ = {
			isa = XCBuildConfiguration;
			buildSettings = {
				ALWAYS_SEARCH_USER_PATHS = NO;
				CLANG_ANALYZER_NONNULL = YES;
				CLANG_ANALYZER_NUMBER_OBJECT_CONVERSION = YES_AGGRESSIVE;
				CLANG_CXX_LANGUAGE_STANDARD = "gnu++14";
				CLANG_CXX_LIBRARY = "libc++";
				CLANG_ENABLE_MODULES = YES;
				CLANG_ENABLE_OBJC_ARC = YES;
				CLANG_ENABLE_OBJC_WEAK = YES;
				CLANG_WARN_BLOCK_CAPTURE_AUTORELEASING = YES;
				CLANG_WARN_BOOL_CONVERSION = YES;
				CLANG_WARN_COMMA = YES;
				CLANG_WARN_CONSTANT_CONVERSION = YES;
				CLANG_WARN_DEPRECATED_OBJC_IMPLEMENTATIONS = YES;
				CLANG_WARN_DIRECT_OBJC_ISA_USAGE = YES_ERROR;
				CLANG_WARN_DOCUMENTATION_COMMENTS = YES;
				CLANG_WARN_EMPTY_BODY = YES;
				CLANG_WARN_ENUM_CONVERSION = YES;
				CLANG_WARN_INFINITE_RECURSION = YES;
				CLANG_WARN_INT_CONVERSION = YES;
				CLANG_WARN_NON_LITERAL_NULL_CONVERSION = YES;
				CLANG_WARN_OBJC_IMPLICIT_RETAIN_SELF = YES;
				CLANG_WARN_OBJC_LITERAL_CONVERSION = YES;
				CLANG_WARN_OBJC_ROOT_CLASS = YES_ERROR;
				CLANG_WARN_RANGE_LOOP_ANALYSIS = YES;
				CLANG_WARN_STRICT_PROTOTYPES = YES;
				CLANG_WARN_SUSPICIOUS_MOVE = YES;
				CLANG_WARN_UNGUARDED_AVAILABILITY = YES_AGGRESSIVE;
				CLANG_WARN_UNREACHABLE_CODE = YES;
				CLANG_WARN__DUPLICATE_METHOD_MATCH = YES;
				CODE_SIGN_IDENTITY = "iPhone Developer";
				COPY_PHASE_STRIP = NO;
				DEBUG_INFORMATION_FORMAT = dwarf;
				ENABLE_STRICT_OBJC_MSGSEND = YES;
				ENABLE_TESTABILITY = YES;
				GCC_C_LANGUAGE_STANDARD = gnu11;
				GCC_DYNAMIC_NO_PIC = NO;
				GCC_NO_COMMON_BLOCKS = YES;
				GCC_OPTIMIZATION_LEVEL = 0;
				GCC_PREPROCESSOR_DEFINITIONS = (
					"DEBUG=1",
					"$(inherited)",
				);
				GCC_WARN_64_TO_32_BIT_CONVERSION = YES;
				GCC_WARN_ABOUT_RETURN_TYPE = YES_ERROR;
				GCC_WARN_UNDECLARED_SELECTOR = YES;
				GCC_WARN_UNINITIALIZED_AUTOS = YES_AGGRESSIVE;
				GCC_WARN_UNUSED_FUNCTION = YES;
				GCC_WARN_UNUSED_VARIABLE = YES;
				IPHONEOS_DEPLOYMENT_TARGET = 11.4;
				MTL_ENABLE_DEBUG_INFO = YES;
				ONLY_ACTIVE_ARCH = YES;
				SDKROOT = iphoneos;
				SWIFT_ACTIVE_COMPILATION_CONDITIONS = DEBUG;
				SWIFT_OPTIMIZATION_LEVEL = "-Onone";
			};
			name = Debug;
		};
		CC607EDE219466B400F341FE /* Release */ = {
			isa = XCBuildConfiguration;
			buildSettings = {
				ALWAYS_SEARCH_USER_PATHS = NO;
				CLANG_ANALYZER_NONNULL = YES;
				CLANG_ANALYZER_NUMBER_OBJECT_CONVERSION = YES_AGGRESSIVE;
				CLANG_CXX_LANGUAGE_STANDARD = "gnu++14";
				CLANG_CXX_LIBRARY = "libc++";
				CLANG_ENABLE_MODULES = YES;
				CLANG_ENABLE_OBJC_ARC = YES;
				CLANG_ENABLE_OBJC_WEAK = YES;
				CLANG_WARN_BLOCK_CAPTURE_AUTORELEASING = YES;
				CLANG_WARN_BOOL_CONVERSION = YES;
				CLANG_WARN_COMMA = YES;
				CLANG_WARN_CONSTANT_CONVERSION = YES;
				CLANG_WARN_DEPRECATED_OBJC_IMPLEMENTATIONS = YES;
				CLANG_WARN_DIRECT_OBJC_ISA_USAGE = YES_ERROR;
				CLANG_WARN_DOCUMENTATION_COMMENTS = YES;
				CLANG_WARN_EMPTY_BODY = YES;
				CLANG_WARN_ENUM_CONVERSION = YES;
				CLANG_WARN_INFINITE_RECURSION = YES;
				CLANG_WARN_INT_CONVERSION = YES;
				CLANG_WARN_NON_LITERAL_NULL_CONVERSION = YES;
				CLANG_WARN_OBJC_IMPLICIT_RETAIN_SELF = YES;
				CLANG_WARN_OBJC_LITERAL_CONVERSION = YES;
				CLANG_WARN_OBJC_ROOT_CLASS = YES_ERROR;
				CLANG_WARN_RANGE_LOOP_ANALYSIS = YES;
				CLANG_WARN_STRICT_PROTOTYPES = YES;
				CLANG_WARN_SUSPICIOUS_MOVE = YES;
				CLANG_WARN_UNGUARDED_AVAILABILITY = YES_AGGRESSIVE;
				CLANG_WARN_UNREACHABLE_CODE = YES;
				CLANG_WARN__DUPLICATE_METHOD_MATCH = YES;
				CODE_SIGN_IDENTITY = "iPhone Developer";
				COPY_PHASE_STRIP = NO;
				DEBUG_INFORMATION_FORMAT = "dwarf-with-dsym";
				ENABLE_NS_ASSERTIONS = NO;
				ENABLE_STRICT_OBJC_MSGSEND = YES;
				GCC_C_LANGUAGE_STANDARD = gnu11;
				GCC_NO_COMMON_BLOCKS = YES;
				GCC_WARN_64_TO_32_BIT_CONVERSION = YES;
				GCC_WARN_ABOUT_RETURN_TYPE = YES_ERROR;
				GCC_WARN_UNDECLARED_SELECTOR = YES;
				GCC_WARN_UNINITIALIZED_AUTOS = YES_AGGRESSIVE;
				GCC_WARN_UNUSED_FUNCTION = YES;
				GCC_WARN_UNUSED_VARIABLE = YES;
				IPHONEOS_DEPLOYMENT_TARGET = 11.4;
				MTL_ENABLE_DEBUG_INFO = NO;
				SDKROOT = iphoneos;
				SWIFT_COMPILATION_MODE = wholemodule;
				SWIFT_OPTIMIZATION_LEVEL = "-O";
				VALIDATE_PRODUCT = YES;
			};
			name = Release;
		};
		CC607EE0219466B400F341FE /* Debug */ = {
			isa = XCBuildConfiguration;
			baseConfigurationReference = 521E9941F5CA6C0CF22013DC /* Pods-ImageFinder.debug.xcconfig */;
			buildSettings = {
				ASSETCATALOG_COMPILER_APPICON_NAME = AppIcon;
				CODE_SIGN_STYLE = Automatic;
				DEVELOPMENT_TEAM = 77WGQPN8UV;
				INFOPLIST_FILE = ImageFinder/Info.plist;
				LD_RUNPATH_SEARCH_PATHS = (
					"$(inherited)",
					"@executable_path/Frameworks",
				);
				PRODUCT_BUNDLE_IDENTIFIER = kenarov.com.ImageFinder;
				PRODUCT_NAME = "$(TARGET_NAME)";
				SWIFT_VERSION = 4.0;
				TARGETED_DEVICE_FAMILY = 1;
			};
			name = Debug;
		};
		CC607EE1219466B400F341FE /* Release */ = {
			isa = XCBuildConfiguration;
			baseConfigurationReference = 237CB59E2F26B0C544AB4877 /* Pods-ImageFinder.release.xcconfig */;
			buildSettings = {
				ASSETCATALOG_COMPILER_APPICON_NAME = AppIcon;
				CODE_SIGN_STYLE = Automatic;
				DEVELOPMENT_TEAM = 77WGQPN8UV;
				INFOPLIST_FILE = ImageFinder/Info.plist;
				LD_RUNPATH_SEARCH_PATHS = (
					"$(inherited)",
					"@executable_path/Frameworks",
				);
				PRODUCT_BUNDLE_IDENTIFIER = kenarov.com.ImageFinder;
				PRODUCT_NAME = "$(TARGET_NAME)";
				SWIFT_VERSION = 4.0;
				TARGETED_DEVICE_FAMILY = 1;
			};
			name = Release;
		};
		CC607EE3219466B400F341FE /* Debug */ = {
			isa = XCBuildConfiguration;
			baseConfigurationReference = DF4BA64935D62B42F49F3BB6 /* Pods-ImageFinderTests.debug.xcconfig */;
			buildSettings = {
				ALWAYS_EMBED_SWIFT_STANDARD_LIBRARIES = YES;
				BUNDLE_LOADER = "$(TEST_HOST)";
				CODE_SIGN_STYLE = Automatic;
				DEVELOPMENT_TEAM = 77WGQPN8UV;
				INFOPLIST_FILE = ImageFinderTests/Info.plist;
				LD_RUNPATH_SEARCH_PATHS = (
					"$(inherited)",
					"@executable_path/Frameworks",
					"@loader_path/Frameworks",
				);
				PRODUCT_BUNDLE_IDENTIFIER = kenarov.com.ImageFinderTests;
				PRODUCT_NAME = "$(TARGET_NAME)";
				SWIFT_VERSION = 4.0;
				TARGETED_DEVICE_FAMILY = "1,2";
				TEST_HOST = "$(BUILT_PRODUCTS_DIR)/ImageFinder.app/ImageFinder";
			};
			name = Debug;
		};
		CC607EE4219466B400F341FE /* Release */ = {
			isa = XCBuildConfiguration;
			baseConfigurationReference = FF6784F97AF5DF2AA7CC233B /* Pods-ImageFinderTests.release.xcconfig */;
			buildSettings = {
				ALWAYS_EMBED_SWIFT_STANDARD_LIBRARIES = YES;
				BUNDLE_LOADER = "$(TEST_HOST)";
				CODE_SIGN_STYLE = Automatic;
				DEVELOPMENT_TEAM = 77WGQPN8UV;
				INFOPLIST_FILE = ImageFinderTests/Info.plist;
				LD_RUNPATH_SEARCH_PATHS = (
					"$(inherited)",
					"@executable_path/Frameworks",
					"@loader_path/Frameworks",
				);
				PRODUCT_BUNDLE_IDENTIFIER = kenarov.com.ImageFinderTests;
				PRODUCT_NAME = "$(TARGET_NAME)";
				SWIFT_VERSION = 4.0;
				TARGETED_DEVICE_FAMILY = "1,2";
				TEST_HOST = "$(BUILT_PRODUCTS_DIR)/ImageFinder.app/ImageFinder";
			};
			name = Release;
		};
		CC607EE6219466B400F341FE /* Debug */ = {
			isa = XCBuildConfiguration;
			baseConfigurationReference = 6D3584E5C85D994EA8801829 /* Pods-ImageFinderUITests.debug.xcconfig */;
			buildSettings = {
				ALWAYS_EMBED_SWIFT_STANDARD_LIBRARIES = YES;
				CODE_SIGN_STYLE = Automatic;
				DEVELOPMENT_TEAM = 77WGQPN8UV;
				INFOPLIST_FILE = ImageFinderUITests/Info.plist;
				LD_RUNPATH_SEARCH_PATHS = (
					"$(inherited)",
					"@executable_path/Frameworks",
					"@loader_path/Frameworks",
				);
				PRODUCT_BUNDLE_IDENTIFIER = kenarov.com.ImageFinderUITests;
				PRODUCT_NAME = "$(TARGET_NAME)";
				SWIFT_VERSION = 4.0;
				TARGETED_DEVICE_FAMILY = "1,2";
				TEST_TARGET_NAME = ImageFinder;
			};
			name = Debug;
		};
		CC607EE7219466B400F341FE /* Release */ = {
			isa = XCBuildConfiguration;
			baseConfigurationReference = 4F01E068B1593C1EBDB2D40E /* Pods-ImageFinderUITests.release.xcconfig */;
			buildSettings = {
				ALWAYS_EMBED_SWIFT_STANDARD_LIBRARIES = YES;
				CODE_SIGN_STYLE = Automatic;
				DEVELOPMENT_TEAM = 77WGQPN8UV;
				INFOPLIST_FILE = ImageFinderUITests/Info.plist;
				LD_RUNPATH_SEARCH_PATHS = (
					"$(inherited)",
					"@executable_path/Frameworks",
					"@loader_path/Frameworks",
				);
				PRODUCT_BUNDLE_IDENTIFIER = kenarov.com.ImageFinderUITests;
				PRODUCT_NAME = "$(TARGET_NAME)";
				SWIFT_VERSION = 4.0;
				TARGETED_DEVICE_FAMILY = "1,2";
				TEST_TARGET_NAME = ImageFinder;
			};
			name = Release;
		};
/* End XCBuildConfiguration section */

/* Begin XCConfigurationList section */
		CC607EB2219466B300F341FE /* Build configuration list for PBXProject "ImageFinder" */ = {
			isa = XCConfigurationList;
			buildConfigurations = (
				CC607EDD219466B400F341FE /* Debug */,
				CC607EDE219466B400F341FE /* Release */,
			);
			defaultConfigurationIsVisible = 0;
			defaultConfigurationName = Release;
		};
		CC607EDF219466B400F341FE /* Build configuration list for PBXNativeTarget "ImageFinder" */ = {
			isa = XCConfigurationList;
			buildConfigurations = (
				CC607EE0219466B400F341FE /* Debug */,
				CC607EE1219466B400F341FE /* Release */,
			);
			defaultConfigurationIsVisible = 0;
			defaultConfigurationName = Release;
		};
		CC607EE2219466B400F341FE /* Build configuration list for PBXNativeTarget "ImageFinderTests" */ = {
			isa = XCConfigurationList;
			buildConfigurations = (
				CC607EE3219466B400F341FE /* Debug */,
				CC607EE4219466B400F341FE /* Release */,
			);
			defaultConfigurationIsVisible = 0;
			defaultConfigurationName = Release;
		};
		CC607EE5219466B400F341FE /* Build configuration list for PBXNativeTarget "ImageFinderUITests" */ = {
			isa = XCConfigurationList;
			buildConfigurations = (
				CC607EE6219466B400F341FE /* Debug */,
				CC607EE7219466B400F341FE /* Release */,
			);
			defaultConfigurationIsVisible = 0;
			defaultConfigurationName = Release;
		};
/* End XCConfigurationList section */
	};
	rootObject = CC607EAF219466B300F341FE /* Project object */;
}
